
Microsoft Visual Studio Solution File, Format Version 12.00
Project("{FAE04EC0-301F-11D3-BF4B-00C04F79EFBC}") = "BookCatalog.Api", "src\BookCatalog.Api\BookCatalog.Api.csproj", "{5F2F0C72-29C0-4D3C-92B6-4D400032E69D}"
EndProject
Global
	GlobalSection(SolutionConfigurationPlatforms) = preSolution
		Debug|Any CPU = Debug|Any CPU
		Release|Any CPU = Release|Any CPU
	EndGlobalSection
	GlobalSection(ProjectConfigurationPlatforms) = postSolution
		{5F2F0C72-29C0-4D3C-92B6-4D400032E69D}.Debug|Any CPU.ActiveCfg = Debug|Any CPU
		{5F2F0C72-29C0-4D3C-92B6-4D400032E69D}.Debug|Any CPU.Build.0 = Debug|Any CPU
		{5F2F0C72-29C0-4D3C-92B6-4D400032E69D}.Release|Any CPU.ActiveCfg = Release|Any CPU
		{5F2F0C72-29C0-4D3C-92B6-4D400032E69D}.Release|Any CPU.Build.0 = Release|Any CPU
	EndGlobalSection
EndGlobal
